
Microsoft Visual Studio Solution File, Format Version 12.00
# Visual Studio Version 16
VisualStudioVersion = 16.0.31112.23
MinimumVisualStudioVersion = 10.0.40219.1
Project("{2150E333-8FDC-42A3-9474-1A3956D46DE8}") = "Application", "Application", "{410FE3D3-988B-4EB8-BF48-813409D08245}"
EndProject
Project("{2150E333-8FDC-42A3-9474-1A3956D46DE8}") = "Domain", "Domain", "{05923492-3807-4CB9-BB93-C183F58B241D}"
EndProject
Project("{2150E333-8FDC-42A3-9474-1A3956D46DE8}") = "Infra.Data", "Infra.Data", "{AFE66882-D213-422F-8DF4-7FCCCED9EA39}"
EndProject
Project("{2150E333-8FDC-42A3-9474-1A3956D46DE8}") = "Infra.Loc", "Infra.Loc", "{439B29C3-787B-4627-AE33-9DF37725FDB3}"
EndProject
Project("{2150E333-8FDC-42A3-9474-1A3956D46DE8}") = "Presentation", "Presentation", "{CECF6C97-7EB5-45C7-B07D-15B2F8DC8A4E}"
EndProject
Project("{9A19103F-16F7-4668-BE54-9A1E7A4F7556}") = "CleanArch.Mvc", "CleanArch.Mvc\CleanArch.Mvc.csproj", "{A70A6827-8466-4D03-AF3A-1CA913EBF7F1}"
EndProject
Project("{FAE04EC0-301F-11D3-BF4B-00C04F79EFBC}") = "CleanArch.Domain", "CleanArch.Domain\CleanArch.Domain.csproj", "{0F9EBBC4-D3A9-4591-A2E4-5BB88ACAD14E}"
EndProject
Global
	GlobalSection(SolutionConfigurationPlatforms) = preSolution
		Debug|Any CPU = Debug|Any CPU
		Release|Any CPU = Release|Any CPU
	EndGlobalSection
	GlobalSection(ProjectConfigurationPlatforms) = postSolution
		{A70A6827-8466-4D03-AF3A-1CA913EBF7F1}.Debug|Any CPU.ActiveCfg = Debug|Any CPU
		{A70A6827-8466-4D03-AF3A-1CA913EBF7F1}.Debug|Any CPU.Build.0 = Debug|Any CPU
		{A70A6827-8466-4D03-AF3A-1CA913EBF7F1}.Release|Any CPU.ActiveCfg = Release|Any CPU
		{A70A6827-8466-4D03-AF3A-1CA913EBF7F1}.Release|Any CPU.Build.0 = Release|Any CPU
		{0F9EBBC4-D3A9-4591-A2E4-5BB88ACAD14E}.Debug|Any CPU.ActiveCfg = Debug|Any CPU
		{0F9EBBC4-D3A9-4591-A2E4-5BB88ACAD14E}.Debug|Any CPU.Build.0 = Debug|Any CPU
		{0F9EBBC4-D3A9-4591-A2E4-5BB88ACAD14E}.Release|Any CPU.ActiveCfg = Release|Any CPU
		{0F9EBBC4-D3A9-4591-A2E4-5BB88ACAD14E}.Release|Any CPU.Build.0 = Release|Any CPU
	EndGlobalSection
	GlobalSection(SolutionProperties) = preSolution
		HideSolutionNode = FALSE
	EndGlobalSection
	GlobalSection(NestedProjects) = preSolution
		{A70A6827-8466-4D03-AF3A-1CA913EBF7F1} = {CECF6C97-7EB5-45C7-B07D-15B2F8DC8A4E}
		{0F9EBBC4-D3A9-4591-A2E4-5BB88ACAD14E} = {05923492-3807-4CB9-BB93-C183F58B241D}
	EndGlobalSection
	GlobalSection(ExtensibilityGlobals) = postSolution
		SolutionGuid = {B6DB5546-A168-4043-923E-8FBB2379A10B}
	EndGlobalSection
EndGlobal
